
Microsoft Visual Studio Solution File, Format Version 12.00
Project("{30BAC8CE-E13B-4ABC-AE29-C7A282486CDA}") = "LuxsOABExtensions", "src/LuxsOABExtensions/LuxsOABExtensions.csproj", "{84E324A2-B3D6-4E0A-B002-DB88B54031DF}"
EndProject
Global
	GlobalSection(SolutionConfigurationPlatforms) = preSolution
		Debug|Any CPU = Debug|Any CPU
		Release|Any CPU = Release|Any CPU
		Deploy|Any CPU = Deploy|Any CPU
		DeployAndRun|Any CPU = DeployAndRun|Any CPU
	EndGlobalSection
	GlobalSection(ProjectConfigurationPlatforms) = postSolution
		{84E324A2-B3D6-4E0A-B002-DB88B54031DF}.Debug|Any CPU.ActiveCfg = Debug|Any CPU
		{84E324A2-B3D6-4E0A-B002-DB88B54031DF}.Debug|Any CPU.Build.0 = Debug|Any CPU
		{84E324A2-B3D6-4E0A-B002-DB88B54031DF}.Release|Any CPU.ActiveCfg = Release|Any CPU
		{84E324A2-B3D6-4E0A-B002-DB88B54031DF}.Release|Any CPU.Build.0 = Release|Any CPU
		{84E324A2-B3D6-4E0A-B002-DB88B54031DF}.Deploy|Any CPU.ActiveCfg = Deploy|Any CPU
		{84E324A2-B3D6-4E0A-B002-DB88B54031DF}.Deploy|Any CPU.Build.0 = Deploy|Any CPU
		{84E324A2-B3D6-4E0A-B002-DB88B54031DF}.DeployAndRun|Any CPU.ActiveCfg = DeployAndRun|Any CPU
		{84E324A2-B3D6-4E0A-B002-DB88B54031DF}.DeployAndRun|Any CPU.Build.0 = DeployAndRun|Any CPU
	EndGlobalSection
EndGlobal
